// !$*UTF8*$!
{
	archiveVersion = 1;
	classes = {
	};
	objectVersion = 50;
	objects = {

/* Begin PBXBuildFile section */
		2B693876241D925C00CF7A1A /* SwiftMetaEntity.cpp in Sources */ = {isa = PBXBuildFile; fileRef = 2B693874241D925C00CF7A1A /* SwiftMetaEntity.cpp */; };
		2B868D7E2422CD9000AFD2D6 /* TypeEntities.cpp in Sources */ = {isa = PBXBuildFile; fileRef = 2B868D7C2422CD9000AFD2D6 /* TypeEntities.cpp */; };
		2B868D83242370CD00AFD2D6 /* MetaFactory.cpp in Sources */ = {isa = PBXBuildFile; fileRef = 2B868D81242370CD00AFD2D6 /* MetaFactory.cpp */; };
		2B868D8724238A3600AFD2D6 /* TypeFactory.cpp in Sources */ = {isa = PBXBuildFile; fileRef = 2B868D8624238A3600AFD2D6 /* TypeFactory.cpp */; };
		2B868DAD2423ED2200AFD2D6 /* Demangler.cpp in Sources */ = {isa = PBXBuildFile; fileRef = 2B868DAB2423ED2200AFD2D6 /* Demangler.cpp */; };
		2BF4679A235B778F00EFD089 /* main.mm in Sources */ = {isa = PBXBuildFile; fileRef = 2BF46799235B778F00EFD089 /* main.mm */; };
		2BF467A8235B864D00EFD089 /* sourcekitd.framework in Frameworks */ = {isa = PBXBuildFile; fileRef = 2BF467A7235B864D00EFD089 /* sourcekitd.framework */; };
		2BF467A9235B865600EFD089 /* sourcekitd.framework in CopyFiles */ = {isa = PBXBuildFile; fileRef = 2BF467A7235B864D00EFD089 /* sourcekitd.framework */; settings = {ATTRIBUTES = (CodeSignOnCopy, RemoveHeadersOnCopy, ); }; };
/* End PBXBuildFile section */

/* Begin PBXCopyFilesBuildPhase section */
		2BF46794235B778F00EFD089 /* CopyFiles */ = {
			isa = PBXCopyFilesBuildPhase;
			buildActionMask = 12;
			dstPath = "";
			dstSubfolderSpec = 10;
			files = (
				2BF467A9235B865600EFD089 /* sourcekitd.framework in CopyFiles */,
			);
			runOnlyForDeploymentPostprocessing = 0;
		};
/* End PBXCopyFilesBuildPhase section */

/* Begin PBXFileReference section */
		2B693874241D925C00CF7A1A /* SwiftMetaEntity.cpp */ = {isa = PBXFileReference; lastKnownFileType = sourcecode.cpp.cpp; path = SwiftMetaEntity.cpp; sourceTree = "<group>"; };
		2B693875241D925C00CF7A1A /* SwiftMetaEntity.hpp */ = {isa = PBXFileReference; lastKnownFileType = sourcecode.cpp.h; path = SwiftMetaEntity.hpp; sourceTree = "<group>"; };
		2B868D7C2422CD9000AFD2D6 /* TypeEntities.cpp */ = {isa = PBXFileReference; lastKnownFileType = sourcecode.cpp.cpp; path = TypeEntities.cpp; sourceTree = "<group>"; };
		2B868D7D2422CD9000AFD2D6 /* TypeEntities.hpp */ = {isa = PBXFileReference; lastKnownFileType = sourcecode.cpp.h; path = TypeEntities.hpp; sourceTree = "<group>"; };
		2B868D7F2422CE1800AFD2D6 /* Noncopyable.h */ = {isa = PBXFileReference; lastKnownFileType = sourcecode.c.h; path = Noncopyable.h; sourceTree = "<group>"; };
		2B868D802422D01200AFD2D6 /* TypeVisitor.h */ = {isa = PBXFileReference; lastKnownFileType = sourcecode.c.h; path = TypeVisitor.h; sourceTree = "<group>"; };
		2B868D81242370CD00AFD2D6 /* MetaFactory.cpp */ = {isa = PBXFileReference; lastKnownFileType = sourcecode.cpp.cpp; path = MetaFactory.cpp; sourceTree = "<group>"; };
		2B868D82242370CD00AFD2D6 /* MetaFactory.hpp */ = {isa = PBXFileReference; lastKnownFileType = sourcecode.cpp.h; path = MetaFactory.hpp; sourceTree = "<group>"; };
		2B868D84242375E100AFD2D6 /* CreationException.h */ = {isa = PBXFileReference; lastKnownFileType = sourcecode.c.h; path = CreationException.h; sourceTree = "<group>"; };
		2B868D8524238A3600AFD2D6 /* TypeFactory.h */ = {isa = PBXFileReference; lastKnownFileType = sourcecode.c.h; path = TypeFactory.h; sourceTree = "<group>"; };
		2B868D8624238A3600AFD2D6 /* TypeFactory.cpp */ = {isa = PBXFileReference; explicitFileType = sourcecode.cpp.objcpp; path = TypeFactory.cpp; sourceTree = "<group>"; };
		2B868DAB2423ED2200AFD2D6 /* Demangler.cpp */ = {isa = PBXFileReference; lastKnownFileType = sourcecode.cpp.cpp; path = Demangler.cpp; sourceTree = "<group>"; };
		2B868DAC2423ED2200AFD2D6 /* Demangler.hpp */ = {isa = PBXFileReference; lastKnownFileType = sourcecode.cpp.h; path = Demangler.hpp; sourceTree = "<group>"; };
		2BF46796235B778F00EFD089 /* EmbeddingSourceKitGuide */ = {isa = PBXFileReference; explicitFileType = "compiled.mach-o.executable"; includeInIndex = 0; path = EmbeddingSourceKitGuide; sourceTree = BUILT_PRODUCTS_DIR; };
		2BF46799235B778F00EFD089 /* main.mm */ = {isa = PBXFileReference; lastKnownFileType = sourcecode.cpp.objcpp; path = main.mm; sourceTree = "<group>"; };
		2BF467A5235B7B1700EFD089 /* sourcekitd.h */ = {isa = PBXFileReference; lastKnownFileType = sourcecode.c.h; path = sourcekitd.h; sourceTree = "<group>"; };
		2BF467A7235B864D00EFD089 /* sourcekitd.framework */ = {isa = PBXFileReference; lastKnownFileType = wrapper.framework; name = sourcekitd.framework; path = Toolchains/XcodeDefault.xctoolchain/usr/lib/sourcekitd.framework; sourceTree = DEVELOPER_DIR; };
/* End PBXFileReference section */

/* Begin PBXFrameworksBuildPhase section */
		2BF46793235B778F00EFD089 /* Frameworks */ = {
			isa = PBXFrameworksBuildPhase;
			buildActionMask = 2147483647;
			files = (
				2BF467A8235B864D00EFD089 /* sourcekitd.framework in Frameworks */,
			);
			runOnlyForDeploymentPostprocessing = 0;
		};
/* End PBXFrameworksBuildPhase section */

/* Begin PBXGroup section */
		2BF4678D235B778F00EFD089 = {
			isa = PBXGroup;
			children = (
				2BF467A4235B7B0600EFD089 /* sourcekit */,
				2BF46798235B778F00EFD089 /* EmbeddingSourceKitGuide */,
				2BF46797235B778F00EFD089 /* Products */,
				2BF467A1235B79AD00EFD089 /* Frameworks */,
			);
			sourceTree = "<group>";
		};
		2BF46797235B778F00EFD089 /* Products */ = {
			isa = PBXGroup;
			children = (
				2BF46796235B778F00EFD089 /* EmbeddingSourceKitGuide */,
			);
			name = Products;
			sourceTree = "<group>";
		};
		2BF46798235B778F00EFD089 /* EmbeddingSourceKitGuide */ = {
			isa = PBXGroup;
			children = (
				2BF46799235B778F00EFD089 /* main.mm */,
				2B693874241D925C00CF7A1A /* SwiftMetaEntity.cpp */,
				2B693875241D925C00CF7A1A /* SwiftMetaEntity.hpp */,
				2B868D7C2422CD9000AFD2D6 /* TypeEntities.cpp */,
				2B868DAB2423ED2200AFD2D6 /* Demangler.cpp */,
				2B868DAC2423ED2200AFD2D6 /* Demangler.hpp */,
				2B868D7D2422CD9000AFD2D6 /* TypeEntities.hpp */,
				2B868D802422D01200AFD2D6 /* TypeVisitor.h */,
				2B868D7F2422CE1800AFD2D6 /* Noncopyable.h */,
				2B868D81242370CD00AFD2D6 /* MetaFactory.cpp */,
				2B868D82242370CD00AFD2D6 /* MetaFactory.hpp */,
				2B868D8524238A3600AFD2D6 /* TypeFactory.h */,
				2B868D8624238A3600AFD2D6 /* TypeFactory.cpp */,
				2B868D84242375E100AFD2D6 /* CreationException.h */,
			);
			path = EmbeddingSourceKitGuide;
			sourceTree = "<group>";
		};
		2BF467A1235B79AD00EFD089 /* Frameworks */ = {
			isa = PBXGroup;
			children = (
				2BF467A7235B864D00EFD089 /* sourcekitd.framework */,
			);
			name = Frameworks;
			sourceTree = "<group>";
		};
		2BF467A4235B7B0600EFD089 /* sourcekit */ = {
			isa = PBXGroup;
			children = (
				2BF467A5235B7B1700EFD089 /* sourcekitd.h */,
			);
			path = sourcekit;
			sourceTree = "<group>";
		};
/* End PBXGroup section */

/* Begin PBXNativeTarget section */
		2BF46795235B778F00EFD089 /* EmbeddingSourceKitGuide */ = {
			isa = PBXNativeTarget;
			buildConfigurationList = 2BF4679D235B778F00EFD089 /* Build configuration list for PBXNativeTarget "EmbeddingSourceKitGuide" */;
			buildPhases = (
				2BF46794235B778F00EFD089 /* CopyFiles */,
				2BF46792235B778F00EFD089 /* Sources */,
				2BF46793235B778F00EFD089 /* Frameworks */,
			);
			buildRules = (
			);
			dependencies = (
			);
			name = EmbeddingSourceKitGuide;
			productName = EmbeddingSourceKitGuide;
			productReference = 2BF46796235B778F00EFD089 /* EmbeddingSourceKitGuide */;
			productType = "com.apple.product-type.tool";
		};
/* End PBXNativeTarget section */

/* Begin PBXProject section */
		2BF4678E235B778F00EFD089 /* Project object */ = {
			isa = PBXProject;
			attributes = {
				LastUpgradeCheck = 1110;
				ORGANIZATIONNAME = "Teodor Dermendzhiev";
				TargetAttributes = {
					2BF46795235B778F00EFD089 = {
						CreatedOnToolsVersion = 11.1;
					};
				};
			};
			buildConfigurationList = 2BF46791235B778F00EFD089 /* Build configuration list for PBXProject "EmbeddingSourceKitGuide" */;
			compatibilityVersion = "Xcode 9.3";
			developmentRegion = en;
			hasScannedForEncodings = 0;
			knownRegions = (
				en,
				Base,
			);
			mainGroup = 2BF4678D235B778F00EFD089;
			productRefGroup = 2BF46797235B778F00EFD089 /* Products */;
			projectDirPath = "";
			projectRoot = "";
			targets = (
				2BF46795235B778F00EFD089 /* EmbeddingSourceKitGuide */,
			);
		};
/* End PBXProject section */

/* Begin PBXSourcesBuildPhase section */
		2BF46792235B778F00EFD089 /* Sources */ = {
			isa = PBXSourcesBuildPhase;
			buildActionMask = 2147483647;
			files = (
				2B868D7E2422CD9000AFD2D6 /* TypeEntities.cpp in Sources */,
				2BF4679A235B778F00EFD089 /* main.mm in Sources */,
				2B693876241D925C00CF7A1A /* SwiftMetaEntity.cpp in Sources */,
				2B868D83242370CD00AFD2D6 /* MetaFactory.cpp in Sources */,
				2B868D8724238A3600AFD2D6 /* TypeFactory.cpp in Sources */,
				2B868DAD2423ED2200AFD2D6 /* Demangler.cpp in Sources */,
			);
			runOnlyForDeploymentPostprocessing = 0;
		};
/* End PBXSourcesBuildPhase section */

/* Begin XCBuildConfiguration section */
		2BF4679B235B778F00EFD089 /* Debug */ = {
			isa = XCBuildConfiguration;
			buildSettings = {
				ALWAYS_SEARCH_USER_PATHS = NO;
				CLANG_ANALYZER_NONNULL = YES;
				CLANG_ANALYZER_NUMBER_OBJECT_CONVERSION = YES_AGGRESSIVE;
				CLANG_CXX_LANGUAGE_STANDARD = "gnu++14";
				CLANG_CXX_LIBRARY = "libc++";
				CLANG_ENABLE_MODULES = YES;
				CLANG_ENABLE_OBJC_ARC = YES;
				CLANG_ENABLE_OBJC_WEAK = YES;
				CLANG_WARN_BLOCK_CAPTURE_AUTORELEASING = YES;
				CLANG_WARN_BOOL_CONVERSION = YES;
				CLANG_WARN_COMMA = YES;
				CLANG_WARN_CONSTANT_CONVERSION = YES;
				CLANG_WARN_DEPRECATED_OBJC_IMPLEMENTATIONS = YES;
				CLANG_WARN_DIRECT_OBJC_ISA_USAGE = YES_ERROR;
				CLANG_WARN_DOCUMENTATION_COMMENTS = YES;
				CLANG_WARN_EMPTY_BODY = YES;
				CLANG_WARN_ENUM_CONVERSION = YES;
				CLANG_WARN_INFINITE_RECURSION = YES;
				CLANG_WARN_INT_CONVERSION = YES;
				CLANG_WARN_NON_LITERAL_NULL_CONVERSION = YES;
				CLANG_WARN_OBJC_IMPLICIT_RETAIN_SELF = YES;
				CLANG_WARN_OBJC_LITERAL_CONVERSION = YES;
				CLANG_WARN_OBJC_ROOT_CLASS = YES_ERROR;
				CLANG_WARN_RANGE_LOOP_ANALYSIS = YES;
				CLANG_WARN_STRICT_PROTOTYPES = YES;
				CLANG_WARN_SUSPICIOUS_MOVE = YES;
				CLANG_WARN_UNGUARDED_AVAILABILITY = YES_AGGRESSIVE;
				CLANG_WARN_UNREACHABLE_CODE = YES;
				CLANG_WARN__DUPLICATE_METHOD_MATCH = YES;
				COPY_PHASE_STRIP = NO;
				DEBUG_INFORMATION_FORMAT = dwarf;
				ENABLE_STRICT_OBJC_MSGSEND = YES;
				ENABLE_TESTABILITY = YES;
				GCC_C_LANGUAGE_STANDARD = gnu11;
				GCC_DYNAMIC_NO_PIC = NO;
				GCC_NO_COMMON_BLOCKS = YES;
				GCC_OPTIMIZATION_LEVEL = 0;
				GCC_PREPROCESSOR_DEFINITIONS = (
					"DEBUG=1",
					"$(inherited)",
				);
				GCC_WARN_64_TO_32_BIT_CONVERSION = YES;
				GCC_WARN_ABOUT_RETURN_TYPE = YES_ERROR;
				GCC_WARN_UNDECLARED_SELECTOR = YES;
				GCC_WARN_UNINITIALIZED_AUTOS = YES_AGGRESSIVE;
				GCC_WARN_UNUSED_FUNCTION = YES;
				GCC_WARN_UNUSED_VARIABLE = YES;
				MACOSX_DEPLOYMENT_TARGET = 10.14;
				MTL_ENABLE_DEBUG_INFO = INCLUDE_SOURCE;
				MTL_FAST_MATH = YES;
				ONLY_ACTIVE_ARCH = YES;
				SDKROOT = macosx;
			};
			name = Debug;
		};
		2BF4679C235B778F00EFD089 /* Release */ = {
			isa = XCBuildConfiguration;
			buildSettings = {
				ALWAYS_SEARCH_USER_PATHS = NO;
				CLANG_ANALYZER_NONNULL = YES;
				CLANG_ANALYZER_NUMBER_OBJECT_CONVERSION = YES_AGGRESSIVE;
				CLANG_CXX_LANGUAGE_STANDARD = "gnu++14";
				CLANG_CXX_LIBRARY = "libc++";
				CLANG_ENABLE_MODULES = YES;
				CLANG_ENABLE_OBJC_ARC = YES;
				CLANG_ENABLE_OBJC_WEAK = YES;
				CLANG_WARN_BLOCK_CAPTURE_AUTORELEASING = YES;
				CLANG_WARN_BOOL_CONVERSION = YES;
				CLANG_WARN_COMMA = YES;
				CLANG_WARN_CONSTANT_CONVERSION = YES;
				CLANG_WARN_DEPRECATED_OBJC_IMPLEMENTATIONS = YES;
				CLANG_WARN_DIRECT_OBJC_ISA_USAGE = YES_ERROR;
				CLANG_WARN_DOCUMENTATION_COMMENTS = YES;
				CLANG_WARN_EMPTY_BODY = YES;
				CLANG_WARN_ENUM_CONVERSION = YES;
				CLANG_WARN_INFINITE_RECURSION = YES;
				CLANG_WARN_INT_CONVERSION = YES;
				CLANG_WARN_NON_LITERAL_NULL_CONVERSION = YES;
				CLANG_WARN_OBJC_IMPLICIT_RETAIN_SELF = YES;
				CLANG_WARN_OBJC_LITERAL_CONVERSION = YES;
				CLANG_WARN_OBJC_ROOT_CLASS = YES_ERROR;
				CLANG_WARN_RANGE_LOOP_ANALYSIS = YES;
				CLANG_WARN_STRICT_PROTOTYPES = YES;
				CLANG_WARN_SUSPICIOUS_MOVE = YES;
				CLANG_WARN_UNGUARDED_AVAILABILITY = YES_AGGRESSIVE;
				CLANG_WARN_UNREACHABLE_CODE = YES;
				CLANG_WARN__DUPLICATE_METHOD_MATCH = YES;
				COPY_PHASE_STRIP = NO;
				DEBUG_INFORMATION_FORMAT = "dwarf-with-dsym";
				ENABLE_NS_ASSERTIONS = NO;
				ENABLE_STRICT_OBJC_MSGSEND = YES;
				GCC_C_LANGUAGE_STANDARD = gnu11;
				GCC_NO_COMMON_BLOCKS = YES;
				GCC_WARN_64_TO_32_BIT_CONVERSION = YES;
				GCC_WARN_ABOUT_RETURN_TYPE = YES_ERROR;
				GCC_WARN_UNDECLARED_SELECTOR = YES;
				GCC_WARN_UNINITIALIZED_AUTOS = YES_AGGRESSIVE;
				GCC_WARN_UNUSED_FUNCTION = YES;
				GCC_WARN_UNUSED_VARIABLE = YES;
				MACOSX_DEPLOYMENT_TARGET = 10.14;
				MTL_ENABLE_DEBUG_INFO = NO;
				MTL_FAST_MATH = YES;
				SDKROOT = macosx;
			};
			name = Release;
		};
		2BF4679E235B778F00EFD089 /* Debug */ = {
			isa = XCBuildConfiguration;
			buildSettings = {
				CODE_SIGN_STYLE = Automatic;
				DEVELOPMENT_TEAM = H6KAAZFWNY;
				ENABLE_HARDENED_RUNTIME = YES;
				OTHER_LDFLAGS = (
					"-iframework",
					/Applications/Xcode.app/Contents/Developer/Toolchains/XcodeDefault.xctoolchain/usr/lib,
				);
				PRODUCT_NAME = "$(TARGET_NAME)";
			};
			name = Debug;
		};
		2BF4679F235B778F00EFD089 /* Release */ = {
			isa = XCBuildConfiguration;
			buildSettings = {
				CODE_SIGN_STYLE = Automatic;
				DEVELOPMENT_TEAM = H6KAAZFWNY;
				ENABLE_HARDENED_RUNTIME = YES;
				OTHER_LDFLAGS = (
					"-iframework",
					/Applications/Xcode.app/Contents/Developer/Toolchains/XcodeDefault.xctoolchain/usr/lib,
				);
				PRODUCT_NAME = "$(TARGET_NAME)";
			};
			name = Release;
		};
/* End XCBuildConfiguration section */

/* Begin XCConfigurationList section */
		2BF46791235B778F00EFD089 /* Build configuration list for PBXProject "EmbeddingSourceKitGuide" */ = {
			isa = XCConfigurationList;
			buildConfigurations = (
				2BF4679B235B778F00EFD089 /* Debug */,
				2BF4679C235B778F00EFD089 /* Release */,
			);
			defaultConfigurationIsVisible = 0;
			defaultConfigurationName = Release;
		};
		2BF4679D235B778F00EFD089 /* Build configuration list for PBXNativeTarget "EmbeddingSourceKitGuide" */ = {
			isa = XCConfigurationList;
			buildConfigurations = (
				2BF4679E235B778F00EFD089 /* Debug */,
				2BF4679F235B778F00EFD089 /* Release */,
			);
			defaultConfigurationIsVisible = 0;
			defaultConfigurationName = Release;
		};
/* End XCConfigurationList section */
	};
	rootObject = 2BF4678E235B778F00EFD089 /* Project object */;
}
